
Microsoft Visual Studio Solution File, Format Version 12.00
# Visual Studio Version 17
VisualStudioVersion = 17.11.35303.130
MinimumVisualStudioVersion = 10.0.40219.1
Project("{2150E333-8FDC-42A3-9474-1A3956D46DE8}") = "Task0", "Task0", "{C325C2BB-3AFE-44FA-A143-28EE25A4D91D}"
EndProject
Project("{9A19103F-16F7-4668-BE54-9A1E7A4F7556}") = "Tyuiu.DanilovAS.Sprint2.Task0.V14", "Tyuiu.DanilovAS.Sprint2.Task0.V14\Tyuiu.DanilovAS.Sprint2.Task0.V14.csproj", "{F6576E71-A0DE-49D2-B668-A184E9D436E3}"
EndProject
Project("{9A19103F-16F7-4668-BE54-9A1E7A4F7556}") = "Tyuiu.DanilovAS.Sprint2.Task0.V14.Lib", "Tyuiu.DanilovAS.Sprint2.Task0.V14.Lib\Tyuiu.DanilovAS.Sprint2.Task0.V14.Lib.csproj", "{2BFDB3A9-7723-45C8-8981-367FCC6B5459}"
EndProject
Project("{9A19103F-16F7-4668-BE54-9A1E7A4F7556}") = "Tyuiu.DanilovAS.Sprint2.Task0.V14.Test", "Tyuiu.DanilovAS.Sprint2.Task0.V14.Test\Tyuiu.DanilovAS.Sprint2.Task0.V14.Test.csproj", "{DEF6B5FF-EC76-40D6-B580-F53E5002180F}"
EndProject
Project("{2150E333-8FDC-42A3-9474-1A3956D46DE8}") = "Task1", "Task1", "{FBDE0B74-BF2F-4DF1-A577-F969E0F573EC}"
EndProject
Project("{9A19103F-16F7-4668-BE54-9A1E7A4F7556}") = "Tyuiu.DanilovAS.Sprint2.Task1.V20", "Tyuiu.DanilovAS.Sprint2.Task1.V20\Tyuiu.DanilovAS.Sprint2.Task1.V20.csproj", "{1D5C8975-A6E4-4390-8AA5-9D412D5B3438}"
EndProject
Project("{9A19103F-16F7-4668-BE54-9A1E7A4F7556}") = "Tyuiu.DanilovAS.Sprint2.Task1.V20.Lib", "Tyuiu.DanilovAS.Sprint2.Task1.V20.Lib\Tyuiu.DanilovAS.Sprint2.Task1.V20.Lib.csproj", "{B1CBB6B7-0258-4D4C-9682-D6197F6D0CA3}"
EndProject
Project("{9A19103F-16F7-4668-BE54-9A1E7A4F7556}") = "Tyuiu.DanilovAS.Sprint2.Task1.V20.Test", "Tyuiu.DanilovAS.Sprint2.Task1.V20.Test\Tyuiu.DanilovAS.Sprint2.Task1.V20.Test.csproj", "{9E1DEC36-1F5A-4964-9F54-78D5E62E5EBF}"
EndProject
Project("{2150E333-8FDC-42A3-9474-1A3956D46DE8}") = "Task2", "Task2", "{B06859D1-8A34-47A1-99A6-1DB1FBA4F616}"
EndProject
Project("{9A19103F-16F7-4668-BE54-9A1E7A4F7556}") = "Tyuiu.DanilovAS.Sprint2.Task2.V5", "Tyuiu.DanilovAS.Sprint2.Task2.V5\Tyuiu.DanilovAS.Sprint2.Task2.V5.csproj", "{4A8CA7C5-45DC-47EC-82D0-BB5A4D1F29FC}"
EndProject
Project("{9A19103F-16F7-4668-BE54-9A1E7A4F7556}") = "Tyuiu.DanilovAS.Sprint2.Task2.V5.Lib", "Tyuiu.DanilovAS.Sprint2.Task2.V5.Lib\Tyuiu.DanilovAS.Sprint2.Task2.V5.Lib.csproj", "{97C3BF0A-44CC-4016-85E4-D515702B6991}"
EndProject
Project("{9A19103F-16F7-4668-BE54-9A1E7A4F7556}") = "Tyuiu.DanilovAS.Sprint2.Task2.V5.Test", "Tyuiu.DanilovAS.Sprint2.Task2.V5.Test\Tyuiu.DanilovAS.Sprint2.Task2.V5.Test.csproj", "{0C40F93E-9EA0-4AC4-AC02-B96B66AE59A8}"
EndProject
Project("{2150E333-8FDC-42A3-9474-1A3956D46DE8}") = "Task3", "Task3", "{CA98CB11-453E-4F26-9C55-4239F9DE041F}"
EndProject
Project("{9A19103F-16F7-4668-BE54-9A1E7A4F7556}") = "Tyuiu.DanilovAS.Sprint2.Task3.V22", "Tyuiu.DanilovAS.Sprint2.Task3.V22\Tyuiu.DanilovAS.Sprint2.Task3.V22.csproj", "{6112F007-E758-4448-8642-A64603DBE22A}"
EndProject
Project("{9A19103F-16F7-4668-BE54-9A1E7A4F7556}") = "Tyuiu.DanilovAS.Sprint2.Task3.V22.Lib", "Tyuiu.DanilovAS.Sprint2.Task3.V22.Lib\Tyuiu.DanilovAS.Sprint2.Task3.V22.Lib.csproj", "{EF69A657-A6A3-4558-9958-9EC40AFBD843}"
EndProject
Project("{9A19103F-16F7-4668-BE54-9A1E7A4F7556}") = "Tyuiu.DanilovAS.Sprint2.Task3.V22.Test", "Tyuiu.DanilovAS.Sprint2.Task3.V22.Test\Tyuiu.DanilovAS.Sprint2.Task3.V22.Test.csproj", "{FF6D8D9A-83E2-4F00-9B4F-78B3BE503DD1}"
EndProject
Project("{2150E333-8FDC-42A3-9474-1A3956D46DE8}") = "Task4", "Task4", "{F0347CAC-4FE9-4AA7-8905-EBCB458DB9F2}"
EndProject
Project("{9A19103F-16F7-4668-BE54-9A1E7A4F7556}") = "Tyuiu.DanilovAS.Sprint2.Task4.V21", "Tyuiu.DanilovAS.Sprint2.Task4.V21\Tyuiu.DanilovAS.Sprint2.Task4.V21.csproj", "{05446E51-6DEA-49CA-8831-BE84279566B4}"
EndProject
Project("{9A19103F-16F7-4668-BE54-9A1E7A4F7556}") = "Tyuiu.DanilovAS.Sprint2.Task4.V21.Lib", "Tyuiu.DanilovAS.Sprint2.Task4.V21.Lib\Tyuiu.DanilovAS.Sprint2.Task4.V21.Lib.csproj", "{D939781D-D13E-4A10-AEB8-5546E4610259}"
EndProject
Project("{9A19103F-16F7-4668-BE54-9A1E7A4F7556}") = "Tyuiu.DanilovAS.Sprint2.Task4.V21.Test", "Tyuiu.DanilovAS.Sprint2.Task4.V21.Test\Tyuiu.DanilovAS.Sprint2.Task4.V21.Test.csproj", "{F99C26BA-AB04-4CF9-B350-656AB48F4B44}"
EndProject
Project("{2150E333-8FDC-42A3-9474-1A3956D46DE8}") = "Task5", "Task5", "{B0326E19-82AC-4372-86CD-B95898CF042E}"
EndProject
Project("{FAE04EC0-301F-11D3-BF4B-00C04F79EFBC}") = "Tyuiu.DanilovAS.Sprint2.Task5.V7", "Tyuiu.DanilovAS.Sprint2.Task5.V7\Tyuiu.DanilovAS.Sprint2.Task5.V7.csproj", "{E4D3FC43-C692-49CB-874C-136F723D3DA6}"
EndProject
Project("{FAE04EC0-301F-11D3-BF4B-00C04F79EFBC}") = "Tyuiu.DanilovAS.Sprint2.Task5.V7.Lib", "Tyuiu.DanilovAS.Sprint2.Task5.V7.Lib\Tyuiu.DanilovAS.Sprint2.Task5.V7.Lib.csproj", "{C9C17295-4170-4D1D-9B86-40587ED67AA5}"
EndProject
Project("{FAE04EC0-301F-11D3-BF4B-00C04F79EFBC}") = "Tyuiu.DanilovAS.Sprint2.Task5.V7.Test", "Tyuiu.DanilovAS.Sprint2.Task5.V7.Test\Tyuiu.DanilovAS.Sprint2.Task5.V7.Test.csproj", "{64BFA9FD-6B68-443E-A4A4-E29911ED2526}"
EndProject
Global
	GlobalSection(SolutionConfigurationPlatforms) = preSolution
		Debug|Any CPU = Debug|Any CPU
		Release|Any CPU = Release|Any CPU
	EndGlobalSection
	GlobalSection(ProjectConfigurationPlatforms) = postSolution
		{F6576E71-A0DE-49D2-B668-A184E9D436E3}.Debug|Any CPU.ActiveCfg = Debug|Any CPU
		{F6576E71-A0DE-49D2-B668-A184E9D436E3}.Debug|Any CPU.Build.0 = Debug|Any CPU
		{F6576E71-A0DE-49D2-B668-A184E9D436E3}.Release|Any CPU.ActiveCfg = Release|Any CPU
		{F6576E71-A0DE-49D2-B668-A184E9D436E3}.Release|Any CPU.Build.0 = Release|Any CPU
		{2BFDB3A9-7723-45C8-8981-367FCC6B5459}.Debug|Any CPU.ActiveCfg = Debug|Any CPU
		{2BFDB3A9-7723-45C8-8981-367FCC6B5459}.Debug|Any CPU.Build.0 = Debug|Any CPU
		{2BFDB3A9-7723-45C8-8981-367FCC6B5459}.Release|Any CPU.ActiveCfg = Release|Any CPU
		{2BFDB3A9-7723-45C8-8981-367FCC6B5459}.Release|Any CPU.Build.0 = Release|Any CPU
		{DEF6B5FF-EC76-40D6-B580-F53E5002180F}.Debug|Any CPU.ActiveCfg = Debug|Any CPU
		{DEF6B5FF-EC76-40D6-B580-F53E5002180F}.Debug|Any CPU.Build.0 = Debug|Any CPU
		{DEF6B5FF-EC76-40D6-B580-F53E5002180F}.Release|Any CPU.ActiveCfg = Release|Any CPU
		{DEF6B5FF-EC76-40D6-B580-F53E5002180F}.Release|Any CPU.Build.0 = Release|Any CPU
		{1D5C8975-A6E4-4390-8AA5-9D412D5B3438}.Debug|Any CPU.ActiveCfg = Debug|Any CPU
		{1D5C8975-A6E4-4390-8AA5-9D412D5B3438}.Debug|Any CPU.Build.0 = Debug|Any CPU
		{1D5C8975-A6E4-4390-8AA5-9D412D5B3438}.Release|Any CPU.ActiveCfg = Release|Any CPU
		{1D5C8975-A6E4-4390-8AA5-9D412D5B3438}.Release|Any CPU.Build.0 = Release|Any CPU
		{B1CBB6B7-0258-4D4C-9682-D6197F6D0CA3}.Debug|Any CPU.ActiveCfg = Debug|Any CPU
		{B1CBB6B7-0258-4D4C-9682-D6197F6D0CA3}.Debug|Any CPU.Build.0 = Debug|Any CPU
		{B1CBB6B7-0258-4D4C-9682-D6197F6D0CA3}.Release|Any CPU.ActiveCfg = Release|Any CPU
		{B1CBB6B7-0258-4D4C-9682-D6197F6D0CA3}.Release|Any CPU.Build.0 = Release|Any CPU
		{9E1DEC36-1F5A-4964-9F54-78D5E62E5EBF}.Debug|Any CPU.ActiveCfg = Debug|Any CPU
		{9E1DEC36-1F5A-4964-9F54-78D5E62E5EBF}.Debug|Any CPU.Build.0 = Debug|Any CPU
		{9E1DEC36-1F5A-4964-9F54-78D5E62E5EBF}.Release|Any CPU.ActiveCfg = Release|Any CPU
		{9E1DEC36-1F5A-4964-9F54-78D5E62E5EBF}.Release|Any CPU.Build.0 = Release|Any CPU
		{4A8CA7C5-45DC-47EC-82D0-BB5A4D1F29FC}.Debug|Any CPU.ActiveCfg = Debug|Any CPU
		{4A8CA7C5-45DC-47EC-82D0-BB5A4D1F29FC}.Debug|Any CPU.Build.0 = Debug|Any CPU
		{4A8CA7C5-45DC-47EC-82D0-BB5A4D1F29FC}.Release|Any CPU.ActiveCfg = Release|Any CPU
		{4A8CA7C5-45DC-47EC-82D0-BB5A4D1F29FC}.Release|Any CPU.Build.0 = Release|Any CPU
		{97C3BF0A-44CC-4016-85E4-D515702B6991}.Debug|Any CPU.ActiveCfg = Debug|Any CPU
		{97C3BF0A-44CC-4016-85E4-D515702B6991}.Debug|Any CPU.Build.0 = Debug|Any CPU
		{97C3BF0A-44CC-4016-85E4-D515702B6991}.Release|Any CPU.ActiveCfg = Release|Any CPU
		{97C3BF0A-44CC-4016-85E4-D515702B6991}.Release|Any CPU.Build.0 = Release|Any CPU
		{0C40F93E-9EA0-4AC4-AC02-B96B66AE59A8}.Debug|Any CPU.ActiveCfg = Debug|Any CPU
		{0C40F93E-9EA0-4AC4-AC02-B96B66AE59A8}.Debug|Any CPU.Build.0 = Debug|Any CPU
		{0C40F93E-9EA0-4AC4-AC02-B96B66AE59A8}.Release|Any CPU.ActiveCfg = Release|Any CPU
		{0C40F93E-9EA0-4AC4-AC02-B96B66AE59A8}.Release|Any CPU.Build.0 = Release|Any CPU
		{6112F007-E758-4448-8642-A64603DBE22A}.Debug|Any CPU.ActiveCfg = Debug|Any CPU
		{6112F007-E758-4448-8642-A64603DBE22A}.Debug|Any CPU.Build.0 = Debug|Any CPU
		{6112F007-E758-4448-8642-A64603DBE22A}.Release|Any CPU.ActiveCfg = Release|Any CPU
		{6112F007-E758-4448-8642-A64603DBE22A}.Release|Any CPU.Build.0 = Release|Any CPU
		{EF69A657-A6A3-4558-9958-9EC40AFBD843}.Debug|Any CPU.ActiveCfg = Debug|Any CPU
		{EF69A657-A6A3-4558-9958-9EC40AFBD843}.Debug|Any CPU.Build.0 = Debug|Any CPU
		{EF69A657-A6A3-4558-9958-9EC40AFBD843}.Release|Any CPU.ActiveCfg = Release|Any CPU
		{EF69A657-A6A3-4558-9958-9EC40AFBD843}.Release|Any CPU.Build.0 = Release|Any CPU
		{FF6D8D9A-83E2-4F00-9B4F-78B3BE503DD1}.Debug|Any CPU.ActiveCfg = Debug|Any CPU
		{FF6D8D9A-83E2-4F00-9B4F-78B3BE503DD1}.Debug|Any CPU.Build.0 = Debug|Any CPU
		{FF6D8D9A-83E2-4F00-9B4F-78B3BE503DD1}.Release|Any CPU.ActiveCfg = Release|Any CPU
		{FF6D8D9A-83E2-4F00-9B4F-78B3BE503DD1}.Release|Any CPU.Build.0 = Release|Any CPU
		{05446E51-6DEA-49CA-8831-BE84279566B4}.Debug|Any CPU.ActiveCfg = Debug|Any CPU
		{05446E51-6DEA-49CA-8831-BE84279566B4}.Debug|Any CPU.Build.0 = Debug|Any CPU
		{05446E51-6DEA-49CA-8831-BE84279566B4}.Release|Any CPU.ActiveCfg = Release|Any CPU
		{05446E51-6DEA-49CA-8831-BE84279566B4}.Release|Any CPU.Build.0 = Release|Any CPU
		{D939781D-D13E-4A10-AEB8-5546E4610259}.Debug|Any CPU.ActiveCfg = Debug|Any CPU
		{D939781D-D13E-4A10-AEB8-5546E4610259}.Debug|Any CPU.Build.0 = Debug|Any CPU
		{D939781D-D13E-4A10-AEB8-5546E4610259}.Release|Any CPU.ActiveCfg = Release|Any CPU
		{D939781D-D13E-4A10-AEB8-5546E4610259}.Release|Any CPU.Build.0 = Release|Any CPU
		{F99C26BA-AB04-4CF9-B350-656AB48F4B44}.Debug|Any CPU.ActiveCfg = Debug|Any CPU
		{F99C26BA-AB04-4CF9-B350-656AB48F4B44}.Debug|Any CPU.Build.0 = Debug|Any CPU
		{F99C26BA-AB04-4CF9-B350-656AB48F4B44}.Release|Any CPU.ActiveCfg = Release|Any CPU
		{F99C26BA-AB04-4CF9-B350-656AB48F4B44}.Release|Any CPU.Build.0 = Release|Any CPU
		{E4D3FC43-C692-49CB-874C-136F723D3DA6}.Debug|Any CPU.ActiveCfg = Debug|Any CPU
		{E4D3FC43-C692-49CB-874C-136F723D3DA6}.Debug|Any CPU.Build.0 = Debug|Any CPU
		{E4D3FC43-C692-49CB-874C-136F723D3DA6}.Release|Any CPU.ActiveCfg = Release|Any CPU
		{E4D3FC43-C692-49CB-874C-136F723D3DA6}.Release|Any CPU.Build.0 = Release|Any CPU
		{C9C17295-4170-4D1D-9B86-40587ED67AA5}.Debug|Any CPU.ActiveCfg = Debug|Any CPU
		{C9C17295-4170-4D1D-9B86-40587ED67AA5}.Debug|Any CPU.Build.0 = Debug|Any CPU
		{C9C17295-4170-4D1D-9B86-40587ED67AA5}.Release|Any CPU.ActiveCfg = Release|Any CPU
		{C9C17295-4170-4D1D-9B86-40587ED67AA5}.Release|Any CPU.Build.0 = Release|Any CPU
		{64BFA9FD-6B68-443E-A4A4-E29911ED2526}.Debug|Any CPU.ActiveCfg = Debug|Any CPU
		{64BFA9FD-6B68-443E-A4A4-E29911ED2526}.Debug|Any CPU.Build.0 = Debug|Any CPU
		{64BFA9FD-6B68-443E-A4A4-E29911ED2526}.Release|Any CPU.ActiveCfg = Release|Any CPU
		{64BFA9FD-6B68-443E-A4A4-E29911ED2526}.Release|Any CPU.Build.0 = Release|Any CPU
	EndGlobalSection
	GlobalSection(SolutionProperties) = preSolution
		HideSolutionNode = FALSE
	EndGlobalSection
	GlobalSection(NestedProjects) = preSolution
		{F6576E71-A0DE-49D2-B668-A184E9D436E3} = {C325C2BB-3AFE-44FA-A143-28EE25A4D91D}
		{2BFDB3A9-7723-45C8-8981-367FCC6B5459} = {C325C2BB-3AFE-44FA-A143-28EE25A4D91D}
		{DEF6B5FF-EC76-40D6-B580-F53E5002180F} = {C325C2BB-3AFE-44FA-A143-28EE25A4D91D}
		{1D5C8975-A6E4-4390-8AA5-9D412D5B3438} = {FBDE0B74-BF2F-4DF1-A577-F969E0F573EC}
		{B1CBB6B7-0258-4D4C-9682-D6197F6D0CA3} = {FBDE0B74-BF2F-4DF1-A577-F969E0F573EC}
		{9E1DEC36-1F5A-4964-9F54-78D5E62E5EBF} = {FBDE0B74-BF2F-4DF1-A577-F969E0F573EC}
		{4A8CA7C5-45DC-47EC-82D0-BB5A4D1F29FC} = {B06859D1-8A34-47A1-99A6-1DB1FBA4F616}
		{97C3BF0A-44CC-4016-85E4-D515702B6991} = {B06859D1-8A34-47A1-99A6-1DB1FBA4F616}
		{0C40F93E-9EA0-4AC4-AC02-B96B66AE59A8} = {B06859D1-8A34-47A1-99A6-1DB1FBA4F616}
		{6112F007-E758-4448-8642-A64603DBE22A} = {CA98CB11-453E-4F26-9C55-4239F9DE041F}
		{EF69A657-A6A3-4558-9958-9EC40AFBD843} = {CA98CB11-453E-4F26-9C55-4239F9DE041F}
		{FF6D8D9A-83E2-4F00-9B4F-78B3BE503DD1} = {CA98CB11-453E-4F26-9C55-4239F9DE041F}
		{05446E51-6DEA-49CA-8831-BE84279566B4} = {F0347CAC-4FE9-4AA7-8905-EBCB458DB9F2}
		{D939781D-D13E-4A10-AEB8-5546E4610259} = {F0347CAC-4FE9-4AA7-8905-EBCB458DB9F2}
		{F99C26BA-AB04-4CF9-B350-656AB48F4B44} = {F0347CAC-4FE9-4AA7-8905-EBCB458DB9F2}
		{E4D3FC43-C692-49CB-874C-136F723D3DA6} = {B0326E19-82AC-4372-86CD-B95898CF042E}
		{C9C17295-4170-4D1D-9B86-40587ED67AA5} = {B0326E19-82AC-4372-86CD-B95898CF042E}
		{64BFA9FD-6B68-443E-A4A4-E29911ED2526} = {B0326E19-82AC-4372-86CD-B95898CF042E}
	EndGlobalSection
	GlobalSection(ExtensibilityGlobals) = postSolution
		SolutionGuid = {A565532A-2A3F-44D2-B201-AF09C6EFB019}
	EndGlobalSection
EndGlobal
